
Microsoft Visual Studio Solution File, Format Version 12.00
# Visual Studio Version 16
VisualStudioVersion = 16.0.30503.244
MinimumVisualStudioVersion = 10.0.40219.1
Project("{FAE04EC0-301F-11D3-BF4B-00C04F79EFBC}") = "memoryLeakFunction4", "memoryLeakFunction4\memoryLeakFunction4.csproj", "{C313F3EF-4D5E-4265-960E-9236802EBED9}"
EndProject
Global
	GlobalSection(SolutionConfigurationPlatforms) = preSolution
		Debug|Any CPU = Debug|Any CPU
		Release|Any CPU = Release|Any CPU
	EndGlobalSection
	GlobalSection(ProjectConfigurationPlatforms) = postSolution
		{C313F3EF-4D5E-4265-960E-9236802EBED9}.Debug|Any CPU.ActiveCfg = Debug|Any CPU
		{C313F3EF-4D5E-4265-960E-9236802EBED9}.Debug|Any CPU.Build.0 = Debug|Any CPU
		{C313F3EF-4D5E-4265-960E-9236802EBED9}.Release|Any CPU.ActiveCfg = Release|Any CPU
		{C313F3EF-4D5E-4265-960E-9236802EBED9}.Release|Any CPU.Build.0 = Release|Any CPU
	EndGlobalSection
	GlobalSection(SolutionProperties) = preSolution
		HideSolutionNode = FALSE
	EndGlobalSection
	GlobalSection(ExtensibilityGlobals) = postSolution
		SolutionGuid = {F7B88A38-A565-423F-9613-920BF6DD01F2}
	EndGlobalSection
EndGlobal
